
Microsoft Visual Studio Solution File, Format Version 11.00
# Visual Studio 2010
Project("{FAE04EC0-301F-11D3-BF4B-00C04F79EFBC}") = "Core", "Core\Core.csproj", "{E297EE94-C9BA-401E-8A99-643ED674DA13}"
EndProject
Project("{FAE04EC0-301F-11D3-BF4B-00C04F79EFBC}") = "Test", "Test\Test.csproj", "{64CC1154-3EB0-4E7A-8718-4A9EE8BF3587}"
EndProject
Project("{2150E333-8FDC-42A3-9474-1A3956D46DE8}") = "Solution Items", "Solution Items", "{A45D522A-0C45-40A0-91C1-BC4E8096C067}"
	ProjectSection(SolutionItems) = preProject
		Local.testsettings = Local.testsettings
		README.md = README.md
		TraceAndTestImpact.testsettings = TraceAndTestImpact.testsettings
		y-browser.vsmdi = y-browser.vsmdi
	EndProjectSection
EndProject
Project("{FAE04EC0-301F-11D3-BF4B-00C04F79EFBC}") = "YWebView", "YWebView\YWebView.csproj", "{50A98207-FCD7-41CE-8FD8-8DF8241093C8}"
EndProject
Global
	GlobalSection(TestCaseManagementSettings) = postSolution
		CategoryFile = y-browser.vsmdi
	EndGlobalSection
	GlobalSection(SolutionConfigurationPlatforms) = preSolution
		Debug|Any CPU = Debug|Any CPU
		Debug|Mixed Platforms = Debug|Mixed Platforms
		Debug|x86 = Debug|x86
		Release|Any CPU = Release|Any CPU
		Release|Mixed Platforms = Release|Mixed Platforms
		Release|x86 = Release|x86
	EndGlobalSection
	GlobalSection(ProjectConfigurationPlatforms) = postSolution
		{E297EE94-C9BA-401E-8A99-643ED674DA13}.Debug|Any CPU.ActiveCfg = Debug|Any CPU
		{E297EE94-C9BA-401E-8A99-643ED674DA13}.Debug|Any CPU.Build.0 = Debug|Any CPU
		{E297EE94-C9BA-401E-8A99-643ED674DA13}.Debug|Mixed Platforms.ActiveCfg = Debug|Any CPU
		{E297EE94-C9BA-401E-8A99-643ED674DA13}.Debug|Mixed Platforms.Build.0 = Debug|Any CPU
		{E297EE94-C9BA-401E-8A99-643ED674DA13}.Debug|x86.ActiveCfg = Debug|Any CPU
		{E297EE94-C9BA-401E-8A99-643ED674DA13}.Release|Any CPU.ActiveCfg = Release|Any CPU
		{E297EE94-C9BA-401E-8A99-643ED674DA13}.Release|Any CPU.Build.0 = Release|Any CPU
		{E297EE94-C9BA-401E-8A99-643ED674DA13}.Release|Mixed Platforms.ActiveCfg = Release|Any CPU
		{E297EE94-C9BA-401E-8A99-643ED674DA13}.Release|Mixed Platforms.Build.0 = Release|Any CPU
		{E297EE94-C9BA-401E-8A99-643ED674DA13}.Release|x86.ActiveCfg = Release|Any CPU
		{64CC1154-3EB0-4E7A-8718-4A9EE8BF3587}.Debug|Any CPU.ActiveCfg = Debug|Any CPU
		{64CC1154-3EB0-4E7A-8718-4A9EE8BF3587}.Debug|Any CPU.Build.0 = Debug|Any CPU
		{64CC1154-3EB0-4E7A-8718-4A9EE8BF3587}.Debug|Mixed Platforms.ActiveCfg = Debug|Any CPU
		{64CC1154-3EB0-4E7A-8718-4A9EE8BF3587}.Debug|Mixed Platforms.Build.0 = Debug|Any CPU
		{64CC1154-3EB0-4E7A-8718-4A9EE8BF3587}.Debug|x86.ActiveCfg = Debug|Any CPU
		{64CC1154-3EB0-4E7A-8718-4A9EE8BF3587}.Release|Any CPU.ActiveCfg = Release|Any CPU
		{64CC1154-3EB0-4E7A-8718-4A9EE8BF3587}.Release|Any CPU.Build.0 = Release|Any CPU
		{64CC1154-3EB0-4E7A-8718-4A9EE8BF3587}.Release|Mixed Platforms.ActiveCfg = Release|Any CPU
		{64CC1154-3EB0-4E7A-8718-4A9EE8BF3587}.Release|Mixed Platforms.Build.0 = Release|Any CPU
		{64CC1154-3EB0-4E7A-8718-4A9EE8BF3587}.Release|x86.ActiveCfg = Release|Any CPU
		{50A98207-FCD7-41CE-8FD8-8DF8241093C8}.Debug|Any CPU.ActiveCfg = Debug|Any CPU
		{50A98207-FCD7-41CE-8FD8-8DF8241093C8}.Debug|Any CPU.Build.0 = Debug|Any CPU
		{50A98207-FCD7-41CE-8FD8-8DF8241093C8}.Debug|Mixed Platforms.ActiveCfg = Debug|Any CPU
		{50A98207-FCD7-41CE-8FD8-8DF8241093C8}.Debug|Mixed Platforms.Build.0 = Debug|Any CPU
		{50A98207-FCD7-41CE-8FD8-8DF8241093C8}.Debug|x86.ActiveCfg = Debug|Any CPU
		{50A98207-FCD7-41CE-8FD8-8DF8241093C8}.Release|Any CPU.ActiveCfg = Release|Any CPU
		{50A98207-FCD7-41CE-8FD8-8DF8241093C8}.Release|Any CPU.Build.0 = Release|Any CPU
		{50A98207-FCD7-41CE-8FD8-8DF8241093C8}.Release|Mixed Platforms.ActiveCfg = Release|Any CPU
		{50A98207-FCD7-41CE-8FD8-8DF8241093C8}.Release|Mixed Platforms.Build.0 = Release|Any CPU
		{50A98207-FCD7-41CE-8FD8-8DF8241093C8}.Release|x86.ActiveCfg = Release|Any CPU
	EndGlobalSection
	GlobalSection(SolutionProperties) = preSolution
		HideSolutionNode = FALSE
	EndGlobalSection
EndGlobal
